<?xml version="1.0" encoding="utf-8"?>
<Project ToolsVersion="4.0" xmlns="http://schemas.microsoft.com/developer/msbuild/2003">
  <ItemGroup>
    <ClCompile Include="main.cpp" />
    <ClCompile Include="glm\glm.c">
      <Filter>glm</Filter>
    </ClCompile>
    <ClCompile Include="glm_helper.c">
      <Filter>glm</Filter>
    </ClCompile>
    <ClCompile Include="glm\glm_util.c">
      <Filter>glm</Filter>
    </ClCompile>
    <ClCompile Include="glm\glmimg.c">
      <Filter>glm</Filter>
    </ClCompile>
    <ClCompile Include="glm\glmimg_devil.c">
      <Filter>glm</Filter>
    </ClCompile>
    <ClCompile Include="glm\glmimg_jpg.c">
      <Filter>glm</Filter>
    </ClCompile>
    <ClCompile Include="glm\glmimg_png.c">
      <Filter>glm</Filter>
    </ClCompile>
    <ClCompile Include="glm\glmimg_sdl.c">
      <Filter>glm</Filter>
    </ClCompile>
    <ClCompile Include="glm\glmimg_sim.c">
      <Filter>glm</Filter>
    </ClCompile>
  </ItemGroup>
  <ItemGroup>
    <ClInclude Include="..\shader_lib\shader.h" />
    <ClInclude Include="glm\glm.h">
      <Filter>glm</Filter>
    </ClInclude>
    <ClInclude Include="glm_helper.h">
      <Filter>glm</Filter>
    </ClInclude>
    <ClInclude Include="glm\glmint.h">
      <Filter>glm</Filter>
    </ClInclude>
  </ItemGroup>
  <ItemGroup>
    <Filter Include="glm">
      <UniqueIdentifier>{97e77f03-ba2c-49c4-82ae-8502d505c09d}</UniqueIdentifier>
    </Filter>
    <Filter Include="shaders">
      <UniqueIdentifier>{ebee922d-7e89-4a11-bc93-b070a8d9b3f9}</UniqueIdentifier>
    </Filter>
  </ItemGroup>
  <ItemGroup>
    <None Include="shaders\dissolving.frag">
      <Filter>shaders</Filter>
    </None>
    <None Include="shaders\dissolving.vert">
      <Filter>shaders</Filter>
    </None>
    <None Include="shaders\mesh.frag">
      <Filter>shaders</Filter>
    </None>
    <None Include="shaders\mesh.vert">
      <Filter>shaders</Filter>
    </None>
    <None Include="shaders\phong.frag">
      <Filter>shaders</Filter>
    </None>
    <None Include="shaders\phong.vert">
      <Filter>shaders</Filter>
    </None>
    <None Include="shaders\ramp.frag">
      <Filter>shaders</Filter>
    </None>
    <None Include="shaders\ramp.vert">
      <Filter>shaders</Filter>
    </None>
    <None Include="shaders\explode.frag">
      <Filter>shaders</Filter>
    </None>
    <None Include="shaders\explode.vert">
      <Filter>shaders</Filter>
    </None>
    <None Include="shaders\explode_scanline.frag" />
    <None Include="shaders\explode_scanline.vert" />
  </ItemGroup>
</Project>